{
  "name": "custom-biome-lint",
  "version": "0.2.0",
  "lockfileVersion": 3,
  "requires": true,
  "packages": {
    "": {
      "name": "custom-biome-lint",
      "version": "0.2.0",
      "license": "MIT",
      "bin": {
        "custom-biome-lint": "bin/cli.js"
      },
      "optionalDependencies": {
        "custom-biome-lint-darwin-arm64": "0.2.0",
        "custom-biome-lint-darwin-x64": "0.2.0",
        "custom-biome-lint-linux-arm64": "0.2.0",
        "custom-biome-lint-linux-x64": "0.2.0",
        "custom-biome-lint-win32-arm64": "0.2.0",
        "custom-biome-lint-win32-x64": "0.2.0"
      }
    }
  }
}
