{
  "name": "custom-biome-lint",
  "version": "0.4.4",
  "lockfileVersion": 3,
  "requires": true,
  "packages": {
    "": {
      "name": "custom-biome-lint",
      "version": "0.4.4",
      "license": "MIT",
      "bin": {
        "custom-biome-lint": "bin/cli.js"
      },
      "optionalDependencies": {
        "custom-biome-lint-darwin-arm64": "0.4.4",
        "custom-biome-lint-darwin-x64": "0.4.4",
        "custom-biome-lint-linux-arm64": "0.4.4",
        "custom-biome-lint-linux-arm64-musl": "0.4.4",
        "custom-biome-lint-linux-x64": "0.4.4",
        "custom-biome-lint-linux-x64-musl": "0.4.4",
        "custom-biome-lint-win32-arm64": "0.4.4",
        "custom-biome-lint-win32-x64": "0.4.4"
      }
    },
    "node_modules/custom-biome-lint-darwin-arm64": {
      "version": "0.3.0",
      "resolved": "https://registry.npmjs.org/custom-biome-lint-darwin-arm64/-/custom-biome-lint-darwin-arm64-0.3.0.tgz",
      "integrity": "sha512-GMozDFpEj6Mc81DpS+BOf6AA9TP9AEO3jCDONVSrLWFU4XN45/YiQTna5dlTdUVMh0Xb5tJxFvMzkiEBIkRA+Q==",
      "cpu": [
        "arm64"
      ],
      "license": "MIT",
      "optional": true,
      "os": [
        "darwin"
      ]
    },
    "node_modules/custom-biome-lint-darwin-x64": {
      "version": "0.3.0",
      "resolved": "https://registry.npmjs.org/custom-biome-lint-darwin-x64/-/custom-biome-lint-darwin-x64-0.3.0.tgz",
      "integrity": "sha512-49HQjRBW/L0x7JftiWzVF3muUZ3zKAnf3eEF1i+TNFRHPF65PSduOjzCT+cv/b3tJZp3IxdIw2f9MfN0OxoC2A==",
      "cpu": [
        "x64"
      ],
      "license": "MIT",
      "optional": true,
      "os": [
        "darwin"
      ]
    },
    "node_modules/custom-biome-lint-linux-arm64": {
      "version": "0.3.0",
      "resolved": "https://registry.npmjs.org/custom-biome-lint-linux-arm64/-/custom-biome-lint-linux-arm64-0.3.0.tgz",
      "integrity": "sha512-4CMLacInQr70lWP1IDWozuOFC5wLkUacKxbTBidvG9vMhTAEDPcQkOTsCGQt3sxnaDQ/phwcbac3N8pV2kzVUQ==",
      "cpu": [
        "arm64"
      ],
      "license": "MIT",
      "optional": true,
      "os": [
        "linux"
      ]
    },
    "node_modules/custom-biome-lint-linux-arm64-musl": {
      "version": "0.3.0",
      "resolved": "https://registry.npmjs.org/custom-biome-lint-linux-arm64-musl/-/custom-biome-lint-linux-arm64-musl-0.3.0.tgz",
      "integrity": "sha512-yhECKL6pBmw/1F8oR8nKuB9Cm/tWYS15MV28UEjmKTrkJ3oJi8v0f6o9CSZZuMYkYQxyclIDHNE/AWqtuKUl3g==",
      "cpu": [
        "arm64"
      ],
      "libc": [
        "musl"
      ],
      "license": "MIT",
      "optional": true,
      "os": [
        "linux"
      ]
    },
    "node_modules/custom-biome-lint-linux-x64": {
      "version": "0.3.0",
      "resolved": "https://registry.npmjs.org/custom-biome-lint-linux-x64/-/custom-biome-lint-linux-x64-0.3.0.tgz",
      "integrity": "sha512-W6YxkTQWV8cQdhEjGwk02uoMhScH/ymmcyhUOVV5OrKxLUIFfQ/DTRtucpFfZZOCyq1dVMekkF5DJ3H2bZDJgQ==",
      "cpu": [
        "x64"
      ],
      "license": "MIT",
      "optional": true,
      "os": [
        "linux"
      ]
    },
    "node_modules/custom-biome-lint-linux-x64-musl": {
      "version": "0.3.0",
      "resolved": "https://registry.npmjs.org/custom-biome-lint-linux-x64-musl/-/custom-biome-lint-linux-x64-musl-0.3.0.tgz",
      "integrity": "sha512-cv+5J5vblPnIKPc+KOkf0c3jHc3PeVOIADlRi5mpk9ueIXiGiAlr1nIAZ5mEcvQv0OPLMbvfW1JwNhFaIkKpmA==",
      "cpu": [
        "x64"
      ],
      "libc": [
        "musl"
      ],
      "license": "MIT",
      "optional": true,
      "os": [
        "linux"
      ]
    },
    "node_modules/custom-biome-lint-win32-arm64": {
      "version": "0.3.0",
      "resolved": "https://registry.npmjs.org/custom-biome-lint-win32-arm64/-/custom-biome-lint-win32-arm64-0.3.0.tgz",
      "integrity": "sha512-JbLVGV41Ev141ecrcp21FMNtR84xtoqRjiWnYz4cXDTZzjzsoz91dHSUDsSTDyZaNyek/UYJ91yn3yp1Ypbyjg==",
      "cpu": [
        "arm64"
      ],
      "license": "MIT",
      "optional": true,
      "os": [
        "win32"
      ]
    },
    "node_modules/custom-biome-lint-win32-x64": {
      "version": "0.3.0",
      "resolved": "https://registry.npmjs.org/custom-biome-lint-win32-x64/-/custom-biome-lint-win32-x64-0.3.0.tgz",
      "integrity": "sha512-SeSwNiN4a5ZPkncutzX3EJpzonDhzDLTLyJbzIBA2DUxV5gVxETWknjxwHZQQdlo1qG4Ts8GDMFowBjowisSXA==",
      "cpu": [
        "x64"
      ],
      "license": "MIT",
      "optional": true,
      "os": [
        "win32"
      ]
    }
  }
}
